
Microsoft Visual Studio Solution File, Format Version 12.00
# Visual Studio Version 16
VisualStudioVersion = 16.0.30804.86
MinimumVisualStudioVersion = 10.0.40219.1
Project("{FAE04EC0-301F-11D3-BF4B-00C04F79EFBC}") = "SudokuSolver", "SudokuSolver.csproj", "{8E85BAA1-C00F-4510-A83F-9763ADF916B9}"
EndProject
Project("{FAE04EC0-301F-11D3-BF4B-00C04F79EFBC}") = "ModelTests", "..\ModelTests\ModelTests.csproj", "{234E7D9A-3E85-47BD-9E89-EE3626C0FD24}"
EndProject
Project("{2150E333-8FDC-42A3-9474-1A3956D46DE8}") = "Solution Items", "Solution Items", "{FD9DF513-E02B-44C9-9DA3-232D74E5E0A0}"
	ProjectSection(SolutionItems) = preProject
		.editorconfig = .editorconfig
	EndProjectSection
EndProject
Global
	GlobalSection(SolutionConfigurationPlatforms) = preSolution
		Debug|Any CPU = Debug|Any CPU
		Release|Any CPU = Release|Any CPU
	EndGlobalSection
	GlobalSection(ProjectConfigurationPlatforms) = postSolution
		{8E85BAA1-C00F-4510-A83F-9763ADF916B9}.Debug|Any CPU.ActiveCfg = Debug|Any CPU
		{8E85BAA1-C00F-4510-A83F-9763ADF916B9}.Debug|Any CPU.Build.0 = Debug|Any CPU
		{8E85BAA1-C00F-4510-A83F-9763ADF916B9}.Release|Any CPU.ActiveCfg = Release|Any CPU
		{8E85BAA1-C00F-4510-A83F-9763ADF916B9}.Release|Any CPU.Build.0 = Release|Any CPU
		{234E7D9A-3E85-47BD-9E89-EE3626C0FD24}.Debug|Any CPU.ActiveCfg = Debug|Any CPU
		{234E7D9A-3E85-47BD-9E89-EE3626C0FD24}.Debug|Any CPU.Build.0 = Debug|Any CPU
		{234E7D9A-3E85-47BD-9E89-EE3626C0FD24}.Release|Any CPU.ActiveCfg = Release|Any CPU
		{234E7D9A-3E85-47BD-9E89-EE3626C0FD24}.Release|Any CPU.Build.0 = Release|Any CPU
	EndGlobalSection
	GlobalSection(SolutionProperties) = preSolution
		HideSolutionNode = FALSE
	EndGlobalSection
	GlobalSection(ExtensibilityGlobals) = postSolution
		SolutionGuid = {2F8C6945-5F8C-49E5-B34E-76466DE2CAE0}
	EndGlobalSection
EndGlobal
